
Microsoft Visual Studio Solution File, Format Version 12.00
# Visual Studio 15
VisualStudioVersion = 15.0.26730.8
MinimumVisualStudioVersion = 10.0.40219.1
Project("{FAE04EC0-301F-11D3-BF4B-00C04F79EFBC}") = "WpfApp1", "WpfApp1\WpfApp1.csproj", "{EF1A0514-31B5-4C41-A900-EB022F4B788E}"
EndProject
Global
	GlobalSection(SolutionConfigurationPlatforms) = preSolution
		Debug|Any CPU = Debug|Any CPU
		Release|Any CPU = Release|Any CPU
	EndGlobalSection
	GlobalSection(ProjectConfigurationPlatforms) = postSolution
		{EF1A0514-31B5-4C41-A900-EB022F4B788E}.Debug|Any CPU.ActiveCfg = Debug|Any CPU
		{EF1A0514-31B5-4C41-A900-EB022F4B788E}.Debug|Any CPU.Build.0 = Debug|Any CPU
		{EF1A0514-31B5-4C41-A900-EB022F4B788E}.Release|Any CPU.ActiveCfg = Release|Any CPU
		{EF1A0514-31B5-4C41-A900-EB022F4B788E}.Release|Any CPU.Build.0 = Release|Any CPU
	EndGlobalSection
	GlobalSection(SolutionProperties) = preSolution
		HideSolutionNode = FALSE
	EndGlobalSection
	GlobalSection(ExtensibilityGlobals) = postSolution
		SolutionGuid = {1B241564-4CC2-4B76-AC23-5314DFD626ED}
	EndGlobalSection
EndGlobal
